<?xml version="1.0" encoding="utf-8"?>
<Project ToolsVersion="4.0" xmlns="http://schemas.microsoft.com/developer/msbuild/2003">
  <ItemGroup>
    <Filter Include="Resource Files">
      <UniqueIdentifier>{67DA6AB6-F800-4c08-8B7A-83BB121AAD01}</UniqueIdentifier>
      <Extensions>rc;ico;cur;bmp;dlg;rc2;rct;bin;rgs;gif;jpg;jpeg;jpe;resx;tiff;tif;png;wav;mfcribbon-ms</Extensions>
    </Filter>
    <Filter Include="Core">
      <UniqueIdentifier>{129feb50-d0b3-465c-bf61-7bd3724644e9}</UniqueIdentifier>
    </Filter>
    <Filter Include="Core\Objects">
      <UniqueIdentifier>{1b9f698c-d18d-4c70-8b7b-fbd41aa926a5}</UniqueIdentifier>
    </Filter>
    <Filter Include="Core\Utils">
      <UniqueIdentifier>{a5baf337-dbb6-4542-8580-bed866b943ab}</UniqueIdentifier>
    </Filter>
  </ItemGroup>
  <ItemGroup>
    <ClCompile Include="Object.cpp">
      <Filter>Core\Objects</Filter>
    </ClCompile>
    <ClCompile Include="Actor.cpp">
      <Filter>Core\Objects</Filter>
    </ClCompile>
    <ClCompile Include="Editor.cpp" />
    <ClCompile Include="EntryPoint.cpp" />
    <ClCompile Include="RigidBody.cpp">
      <Filter>Core\Objects</Filter>
    </ClCompile>
  </ItemGroup>
  <ItemGroup>
    <ClInclude Include="Object.h">
      <Filter>Core\Objects</Filter>
    </ClInclude>
    <ClInclude Include="Actor.h">
      <Filter>Core\Objects</Filter>
    </ClInclude>
    <ClInclude Include="Editor.h" />
    <ClInclude Include="Headers.h" />
    <ClInclude Include="Transform.h">
      <Filter>Core\Utils</Filter>
    </ClInclude>
    <ClInclude Include="RigidBody.h">
      <Filter>Core\Objects</Filter>
    </ClInclude>
  </ItemGroup>
</Project>