<?xml version="1.0" encoding="utf-8"?>
<Project ToolsVersion="4.0" xmlns="http://schemas.microsoft.com/developer/msbuild/2003">
  <ItemGroup>
    <Filter Include="Resource Files">
      <UniqueIdentifier>{67DA6AB6-F800-4c08-8B7A-83BB121AAD01}</UniqueIdentifier>
      <Extensions>rc;ico;cur;bmp;dlg;rc2;rct;bin;rgs;gif;jpg;jpeg;jpe;resx;tiff;tif;png;wav;mfcribbon-ms</Extensions>
    </Filter>
    <Filter Include="Core">
      <UniqueIdentifier>{129feb50-d0b3-465c-bf61-7bd3724644e9}</UniqueIdentifier>
    </Filter>
    <Filter Include="Core\Utils">
      <UniqueIdentifier>{a5baf337-dbb6-4542-8580-bed866b943ab}</UniqueIdentifier>
    </Filter>
    <Filter Include="Core\Input">
      <UniqueIdentifier>{01fe7026-6ded-4ce6-86ac-341a30b99e35}</UniqueIdentifier>
    </Filter>
    <Filter Include="Core\ExRenderer">
      <UniqueIdentifier>{dd63eba9-3a5c-4ad9-97e5-b143067d6977}</UniqueIdentifier>
    </Filter>
    <Filter Include="Core\ExRenderer\Structs">
      <UniqueIdentifier>{33fa1b7c-aa37-493d-ab50-681acfafdec3}</UniqueIdentifier>
    </Filter>
    <Filter Include="Core\ExRenderer\OpenGL">
      <UniqueIdentifier>{6aded752-ca86-423c-a0be-7909e384ba4e}</UniqueIdentifier>
    </Filter>
    <Filter Include="Core\ExRenderer\BSP">
      <UniqueIdentifier>{b7a6e61b-079c-4feb-a3af-0a9721342541}</UniqueIdentifier>
    </Filter>
    <Filter Include="Core\ExRenderer\OpenGL\Buffers">
      <UniqueIdentifier>{b39bd181-982b-44d3-94a0-b5fd8fa0e10c}</UniqueIdentifier>
    </Filter>
    <Filter Include="Core\ExRenderer\OpenGL\Utils">
      <UniqueIdentifier>{2ddf7c14-9252-46ea-ac6d-dac3e3f75a5f}</UniqueIdentifier>
    </Filter>
    <Filter Include="Core\Structs">
      <UniqueIdentifier>{11d15415-3ce3-4d6a-bcc6-7138c6edbda4}</UniqueIdentifier>
    </Filter>
    <Filter Include="Core\Globals">
      <UniqueIdentifier>{a52ed2d9-9aff-40c7-a172-8e64b76bb30f}</UniqueIdentifier>
    </Filter>
    <Filter Include="Core\Input\ActionMaps">
      <UniqueIdentifier>{b9b115da-e55c-4802-8d49-a00bd26c4784}</UniqueIdentifier>
    </Filter>
    <Filter Include="Core\ExRenderer\OpenGL\Renderers">
      <UniqueIdentifier>{0e984230-1725-4c50-b1f7-789bfc7221a2}</UniqueIdentifier>
    </Filter>
    <Filter Include="Core\Renderers">
      <UniqueIdentifier>{36a34aa1-ee70-4396-83ab-24fe976a06f5}</UniqueIdentifier>
    </Filter>
    <Filter Include="Core\RenderPipelines">
      <UniqueIdentifier>{67e1d98d-ecf3-4633-b231-f891f93768d7}</UniqueIdentifier>
    </Filter>
    <Filter Include="Core\OpenGL">
      <UniqueIdentifier>{fae5f822-dc34-4c74-91f2-54556a403543}</UniqueIdentifier>
    </Filter>
    <Filter Include="Core\OpenGL\Objects">
      <UniqueIdentifier>{9060cdae-64c9-4b6b-843f-4a29e318b0d1}</UniqueIdentifier>
    </Filter>
  </ItemGroup>
  <ItemGroup>
    <ClCompile Include="Editor.cpp" />
    <ClCompile Include="EntryPoint.cpp" />
    <ClCompile Include="Buffer.cpp">
      <Filter>Core\ExRenderer\OpenGL\Buffers</Filter>
    </ClCompile>
    <ClCompile Include="IndexBufferObject.cpp">
      <Filter>Core\ExRenderer\OpenGL\Buffers</Filter>
    </ClCompile>
    <ClCompile Include="VertexBufferArray.cpp">
      <Filter>Core\ExRenderer\OpenGL\Buffers</Filter>
    </ClCompile>
    <ClCompile Include="VertexBufferObject.cpp">
      <Filter>Core\ExRenderer\OpenGL\Buffers</Filter>
    </ClCompile>
    <ClCompile Include="Shader.cpp">
      <Filter>Core\ExRenderer\OpenGL\Buffers</Filter>
    </ClCompile>
    <ClCompile Include="GLSLLoader.cpp">
      <Filter>Core\ExRenderer\OpenGL\Utils</Filter>
    </ClCompile>
    <ClCompile Include="Texture.cpp">
      <Filter>Core\ExRenderer\OpenGL\Buffers</Filter>
    </ClCompile>
    <ClCompile Include="TextureLoader.cpp">
      <Filter>Core\ExRenderer\OpenGL\Utils</Filter>
    </ClCompile>
    <ClCompile Include="WorldInfo.cpp">
      <Filter>Core\Globals</Filter>
    </ClCompile>
    <ClCompile Include="ActionMap.cpp">
      <Filter>Core\Input\ActionMaps</Filter>
    </ClCompile>
    <ClCompile Include="Actor.cpp">
      <Filter>Core\OpenGL\Objects</Filter>
    </ClCompile>
    <ClCompile Include="Camera.cpp">
      <Filter>Core\OpenGL\Objects</Filter>
    </ClCompile>
    <ClCompile Include="Object.cpp">
      <Filter>Core\OpenGL\Objects</Filter>
    </ClCompile>
    <ClCompile Include="ImageLoader.cpp">
      <Filter>Core\Utils</Filter>
    </ClCompile>
    <ClCompile Include="ActionMapMouseEvent.cpp">
      <Filter>Core\Input\ActionMaps</Filter>
    </ClCompile>
    <ClCompile Include="ActionMapKeyboardEvent.cpp">
      <Filter>Core\Input\ActionMaps</Filter>
    </ClCompile>
    <ClCompile Include="Renderer.cpp">
      <Filter>Core\Renderers</Filter>
    </ClCompile>
    <ClCompile Include="GLForwardRenderer.cpp">
      <Filter>Core\Renderers</Filter>
    </ClCompile>
    <ClCompile Include="GLRenderPipeline.cpp">
      <Filter>Core\RenderPipelines</Filter>
    </ClCompile>
    <ClCompile Include="Map.cpp">
      <Filter>Core\OpenGL\Objects</Filter>
    </ClCompile>
    <ClCompile Include="GLDeferredRenderer.cpp">
      <Filter>Core\Renderers</Filter>
    </ClCompile>
    <ClCompile Include="MasterRenderer.cpp">
      <Filter>Core\Renderers</Filter>
    </ClCompile>
  </ItemGroup>
  <ItemGroup>
    <ClInclude Include="Editor.h" />
    <ClInclude Include="Vertex.h">
      <Filter>Core\ExRenderer\Structs</Filter>
    </ClInclude>
    <ClInclude Include="TriangleTest.h">
      <Filter>Core\ExRenderer\BSP</Filter>
    </ClInclude>
    <ClInclude Include="Buffer.h">
      <Filter>Core\ExRenderer\OpenGL\Buffers</Filter>
    </ClInclude>
    <ClInclude Include="IndexBufferObject.h">
      <Filter>Core\ExRenderer\OpenGL\Buffers</Filter>
    </ClInclude>
    <ClInclude Include="VertexBufferArray.h">
      <Filter>Core\ExRenderer\OpenGL\Buffers</Filter>
    </ClInclude>
    <ClInclude Include="VertexBufferObject.h">
      <Filter>Core\ExRenderer\OpenGL\Buffers</Filter>
    </ClInclude>
    <ClInclude Include="Shader.h">
      <Filter>Core\ExRenderer\OpenGL\Buffers</Filter>
    </ClInclude>
    <ClInclude Include="GLSLLoader.h">
      <Filter>Core\ExRenderer\OpenGL\Utils</Filter>
    </ClInclude>
    <ClInclude Include="Texture.h">
      <Filter>Core\ExRenderer\OpenGL\Buffers</Filter>
    </ClInclude>
    <ClInclude Include="TextureLoader.h">
      <Filter>Core\ExRenderer\OpenGL\Utils</Filter>
    </ClInclude>
    <ClInclude Include="TextureData.h">
      <Filter>Core\ExRenderer\Structs</Filter>
    </ClInclude>
    <ClInclude Include="WorldInfo.h">
      <Filter>Core\Globals</Filter>
    </ClInclude>
    <ClInclude Include="Headers.h">
      <Filter>Core\Globals</Filter>
    </ClInclude>
    <ClInclude Include="ActionMap.h">
      <Filter>Core\Input\ActionMaps</Filter>
    </ClInclude>
    <ClInclude Include="ActionDefinitions.h">
      <Filter>Core\Input\ActionMaps</Filter>
    </ClInclude>
    <ClInclude Include="ActionMapKeyboardEvent.h">
      <Filter>Core\Input\ActionMaps</Filter>
    </ClInclude>
    <ClInclude Include="Actor.h">
      <Filter>Core\OpenGL\Objects</Filter>
    </ClInclude>
    <ClInclude Include="Camera.h">
      <Filter>Core\OpenGL\Objects</Filter>
    </ClInclude>
    <ClInclude Include="Object.h">
      <Filter>Core\OpenGL\Objects</Filter>
    </ClInclude>
    <ClInclude Include="Transform.h">
      <Filter>Core\Structs</Filter>
    </ClInclude>
    <ClInclude Include="ImageLoader.h">
      <Filter>Core\Utils</Filter>
    </ClInclude>
    <ClInclude Include="ActionMapMouseEvent.h">
      <Filter>Core\Input\ActionMaps</Filter>
    </ClInclude>
    <ClInclude Include="Renderer.h">
      <Filter>Core\Renderers</Filter>
    </ClInclude>
    <ClInclude Include="GLForwardRenderer.h">
      <Filter>Core\Renderers</Filter>
    </ClInclude>
    <ClInclude Include="GLRenderPipeline.h">
      <Filter>Core\RenderPipelines</Filter>
    </ClInclude>
    <ClInclude Include="Map.h">
      <Filter>Core\OpenGL\Objects</Filter>
    </ClInclude>
    <ClInclude Include="OffsetData.h">
      <Filter>Core\ExRenderer\Structs</Filter>
    </ClInclude>
    <ClInclude Include="GLDeferredRenderer.h">
      <Filter>Core\Renderers</Filter>
    </ClInclude>
    <ClInclude Include="MasterRenderer.h">
      <Filter>Core\Renderers</Filter>
    </ClInclude>
  </ItemGroup>
</Project>