<?xml version="1.0" encoding="utf-8"?>
<Project ToolsVersion="4.0" xmlns="http://schemas.microsoft.com/developer/msbuild/2003">
  <ItemGroup>
    <Filter Include="Resource Files">
      <UniqueIdentifier>{67DA6AB6-F800-4c08-8B7A-83BB121AAD01}</UniqueIdentifier>
      <Extensions>rc;ico;cur;bmp;dlg;rc2;rct;bin;rgs;gif;jpg;jpeg;jpe;resx;tiff;tif;png;wav;mfcribbon-ms</Extensions>
    </Filter>
    <Filter Include="Core">
      <UniqueIdentifier>{129feb50-d0b3-465c-bf61-7bd3724644e9}</UniqueIdentifier>
    </Filter>
    <Filter Include="Core\Utils">
      <UniqueIdentifier>{a5baf337-dbb6-4542-8580-bed866b943ab}</UniqueIdentifier>
    </Filter>
    <Filter Include="Core\Structs">
      <UniqueIdentifier>{11d15415-3ce3-4d6a-bcc6-7138c6edbda4}</UniqueIdentifier>
    </Filter>
    <Filter Include="Core\Globals">
      <UniqueIdentifier>{a52ed2d9-9aff-40c7-a172-8e64b76bb30f}</UniqueIdentifier>
    </Filter>
    <Filter Include="Core\OpenGL">
      <UniqueIdentifier>{fae5f822-dc34-4c74-91f2-54556a403543}</UniqueIdentifier>
    </Filter>
    <Filter Include="Core\Masters">
      <UniqueIdentifier>{36a34aa1-ee70-4396-83ab-24fe976a06f5}</UniqueIdentifier>
    </Filter>
    <Filter Include="Core\OpenGL\Renderers">
      <UniqueIdentifier>{2d13efd7-29b9-4f8a-ace1-33be7f55c1c3}</UniqueIdentifier>
    </Filter>
    <Filter Include="Core\OpenGL\Renderers\Modes">
      <UniqueIdentifier>{9b9f27a9-d09c-42a3-a50f-3985e2c7c648}</UniqueIdentifier>
    </Filter>
    <Filter Include="Core\OpenGL\Objects">
      <UniqueIdentifier>{9060cdae-64c9-4b6b-843f-4a29e318b0d1}</UniqueIdentifier>
    </Filter>
    <Filter Include="Core\ExRenderer %28TBM%29">
      <UniqueIdentifier>{dd63eba9-3a5c-4ad9-97e5-b143067d6977}</UniqueIdentifier>
    </Filter>
    <Filter Include="Core\ExRenderer %28TBM%29\Structs">
      <UniqueIdentifier>{33fa1b7c-aa37-493d-ab50-681acfafdec3}</UniqueIdentifier>
    </Filter>
    <Filter Include="Core\ExRenderer %28TBM%29\OpenGL">
      <UniqueIdentifier>{6aded752-ca86-423c-a0be-7909e384ba4e}</UniqueIdentifier>
    </Filter>
    <Filter Include="Core\ExRenderer %28TBM%29\OpenGL\Buffers">
      <UniqueIdentifier>{b39bd181-982b-44d3-94a0-b5fd8fa0e10c}</UniqueIdentifier>
    </Filter>
    <Filter Include="Core\ExRenderer %28TBM%29\OpenGL\Utils">
      <UniqueIdentifier>{2ddf7c14-9252-46ea-ac6d-dac3e3f75a5f}</UniqueIdentifier>
    </Filter>
    <Filter Include="Core\OpenGL\Objects\Actors">
      <UniqueIdentifier>{76be6659-fae4-4279-9ab3-d85195632c0b}</UniqueIdentifier>
    </Filter>
    <Filter Include="Core\Client">
      <UniqueIdentifier>{825c8b16-4433-4db3-aff8-ddf866a4032e}</UniqueIdentifier>
    </Filter>
    <Filter Include="Core\OpenGL\Masters">
      <UniqueIdentifier>{53c77da8-2a3a-4be0-a733-9f0dd80428c6}</UniqueIdentifier>
    </Filter>
    <Filter Include="Core\Managers">
      <UniqueIdentifier>{104fe50a-4ca3-4e94-a35b-a2f8b169a036}</UniqueIdentifier>
    </Filter>
    <Filter Include="Core\Interfaces">
      <UniqueIdentifier>{d2b7afb7-20e4-46e4-a44f-7a670a644139}</UniqueIdentifier>
    </Filter>
    <Filter Include="Core\Interfaces\Rendering">
      <UniqueIdentifier>{3f17d3dc-78c8-4aaf-8367-8ce84ff2707b}</UniqueIdentifier>
    </Filter>
    <Filter Include="Core\ExRenderer %28TBM%29\Utils">
      <UniqueIdentifier>{b5acc08e-8959-4fe1-b6f0-5bee5ab16db7}</UniqueIdentifier>
    </Filter>
    <Filter Include="Core\OpenGL\Objects\Actors\Cameras">
      <UniqueIdentifier>{6da9c3b3-a6ec-406c-a348-e29ce469ca19}</UniqueIdentifier>
    </Filter>
    <Filter Include="Core\ExRenderer %28TBM%29\OpenGL\Buffers\VertexBufferObjects">
      <UniqueIdentifier>{1ca7a339-3d2d-4100-be05-b7cf26679282}</UniqueIdentifier>
    </Filter>
    <Filter Include="Core\OpenGL\Shaders">
      <UniqueIdentifier>{27326095-116e-43d5-a625-c211f1543c8f}</UniqueIdentifier>
    </Filter>
    <Filter Include="Core\OpenGL\Shaders\Forward">
      <UniqueIdentifier>{d530ef08-204c-40dd-b990-1f99c5648729}</UniqueIdentifier>
    </Filter>
    <Filter Include="Core\OpenGL\Shaders\Deferred">
      <UniqueIdentifier>{dd8045b1-c3da-4a2f-9550-e5ad83f693e7}</UniqueIdentifier>
    </Filter>
    <Filter Include="Core\OpenGL\Objects\Actors\BinarySpacePartitions">
      <UniqueIdentifier>{b7a6e61b-079c-4feb-a3af-0a9721342541}</UniqueIdentifier>
    </Filter>
    <Filter Include="Core\Interfaces\Object">
      <UniqueIdentifier>{19588d89-d539-4e9e-84c8-6ea60f10d46d}</UniqueIdentifier>
    </Filter>
    <Filter Include="Core\Interfaces\Object\Actor">
      <UniqueIdentifier>{ff5cd2a0-b712-4b8b-b36e-10adcf1a545e}</UniqueIdentifier>
    </Filter>
    <Filter Include="Core\Vulkan">
      <UniqueIdentifier>{d7b053e7-26d5-4230-928e-d33d87735ca6}</UniqueIdentifier>
    </Filter>
    <Filter Include="Core\OpenGL\DataManagement">
      <UniqueIdentifier>{ef77f966-389a-4287-80a5-c1df6b1c4374}</UniqueIdentifier>
    </Filter>
    <Filter Include="Core\OpenGL\Objects\Actors\Meshes">
      <UniqueIdentifier>{61e14e10-66b5-4198-bf99-02b3c6826742}</UniqueIdentifier>
    </Filter>
    <Filter Include="Core\OpenGL\Shaders\Debug">
      <UniqueIdentifier>{50e3f4d8-70f7-48e0-891a-c124db18e954}</UniqueIdentifier>
    </Filter>
    <Filter Include="Core\ExRenderer %28TBM%29\OpenGL\Buffers\FrameBufferTargets">
      <UniqueIdentifier>{1a86aa09-9ce3-4624-ad89-636a1149354a}</UniqueIdentifier>
    </Filter>
    <Filter Include="Core\OpenGL\Material">
      <UniqueIdentifier>{0336c955-e648-48a3-af98-4d4731df7ec6}</UniqueIdentifier>
    </Filter>
    <Filter Include="Core\OpenGL\Texture">
      <UniqueIdentifier>{96f62df7-2c1f-43d6-ab9b-e4d172b8a10e}</UniqueIdentifier>
    </Filter>
  </ItemGroup>
  <ItemGroup>
    <ClCompile Include="Buffer.cpp">
      <Filter>Core\ExRenderer %28TBM%29\OpenGL\Buffers</Filter>
    </ClCompile>
    <ClCompile Include="IndexBufferObject.cpp">
      <Filter>Core\ExRenderer %28TBM%29\OpenGL\Buffers</Filter>
    </ClCompile>
    <ClCompile Include="GLSLLoader.cpp">
      <Filter>Core\ExRenderer %28TBM%29\OpenGL\Utils</Filter>
    </ClCompile>
    <ClCompile Include="TextureLoader.cpp">
      <Filter>Core\ExRenderer %28TBM%29\OpenGL\Utils</Filter>
    </ClCompile>
    <ClCompile Include="WorldInfo.cpp">
      <Filter>Core\Globals</Filter>
    </ClCompile>
    <ClCompile Include="ImageLoader.cpp">
      <Filter>Core\Utils</Filter>
    </ClCompile>
    <ClCompile Include="GLDeferredRenderer.cpp">
      <Filter>Core\OpenGL\Renderers\Modes</Filter>
    </ClCompile>
    <ClCompile Include="GLForwardRenderer.cpp">
      <Filter>Core\OpenGL\Renderers\Modes</Filter>
    </ClCompile>
    <ClCompile Include="RenderMode.cpp">
      <Filter>Core\Interfaces\Rendering</Filter>
    </ClCompile>
    <ClCompile Include="RenderPipeline.cpp">
      <Filter>Core\Interfaces\Rendering</Filter>
    </ClCompile>
    <ClCompile Include="GLRenderMode.cpp">
      <Filter>Core\OpenGL\Renderers\Modes</Filter>
    </ClCompile>
    <ClCompile Include="Map.cpp">
      <Filter>Core\OpenGL\Objects\Actors</Filter>
    </ClCompile>
    <ClCompile Include="ShaderBuffer.cpp">
      <Filter>Core\ExRenderer %28TBM%29\OpenGL\Buffers</Filter>
    </ClCompile>
    <ClCompile Include="Shader.cpp">
      <Filter>Core\OpenGL\Shaders</Filter>
    </ClCompile>
    <ClCompile Include="RenderMaster.cpp">
      <Filter>Core\OpenGL\Masters</Filter>
    </ClCompile>
    <ClCompile Include="CustomActor.cpp">
      <Filter>Core\OpenGL\Objects\Actors</Filter>
    </ClCompile>
    <ClCompile Include="AudioMaster.cpp">
      <Filter>Core\Masters</Filter>
    </ClCompile>
    <ClCompile Include="GLRenderPipeline.cpp">
      <Filter>Core\OpenGL\Renderers</Filter>
    </ClCompile>
    <ClCompile Include="LogicManager.cpp">
      <Filter>Core\Managers</Filter>
    </ClCompile>
    <ClCompile Include="EntryPoint.cpp">
      <Filter>Core\Client</Filter>
    </ClCompile>
    <ClCompile Include="EventManager.cpp">
      <Filter>Core\Managers</Filter>
    </ClCompile>
    <ClCompile Include="VertexOptimiser.cpp">
      <Filter>Core\ExRenderer %28TBM%29\Utils</Filter>
    </ClCompile>
    <ClCompile Include="Camera.cpp">
      <Filter>Core\OpenGL\Objects\Actors\Cameras</Filter>
    </ClCompile>
    <ClCompile Include="VertexBufferObject.cpp">
      <Filter>Core\ExRenderer %28TBM%29\OpenGL\Buffers\VertexBufferObjects</Filter>
    </ClCompile>
    <ClCompile Include="DiffuseSF.cpp">
      <Filter>Core\OpenGL\Shaders\Forward</Filter>
    </ClCompile>
    <ClCompile Include="World.cpp">
      <Filter>Core\Globals</Filter>
    </ClCompile>
    <ClCompile Include="Object.cpp">
      <Filter>Core\Interfaces\Object</Filter>
    </ClCompile>
    <ClCompile Include="Actor.cpp">
      <Filter>Core\Interfaces\Object\Actor</Filter>
    </ClCompile>
    <ClCompile Include="BinarySpacePartition.cpp">
      <Filter>Core\OpenGL\Objects\Actors\BinarySpacePartitions</Filter>
    </ClCompile>
    <ClCompile Include="Texture.cpp">
      <Filter>Core\OpenGL\Texture</Filter>
    </ClCompile>
    <ClCompile Include="Plane.cpp">
      <Filter>Core\OpenGL\Objects\Actors\BinarySpacePartitions</Filter>
    </ClCompile>
    <ClCompile Include="Material.cpp">
      <Filter>Core\OpenGL\Material</Filter>
    </ClCompile>
    <ClCompile Include="ContentManager.cpp">
      <Filter>Core\OpenGL\DataManagement</Filter>
    </ClCompile>
    <ClCompile Include="Client.cpp">
      <Filter>Core\Client</Filter>
    </ClCompile>
    <ClCompile Include="VertexArrayObject.cpp">
      <Filter>Core\ExRenderer %28TBM%29\OpenGL\Buffers</Filter>
    </ClCompile>
    <ClCompile Include="CameraPerspective3D.cpp">
      <Filter>Core\OpenGL\Objects\Actors\Cameras</Filter>
    </ClCompile>
    <ClCompile Include="UniformBufferObject.cpp">
      <Filter>Core\ExRenderer %28TBM%29\OpenGL\Buffers</Filter>
    </ClCompile>
    <ClCompile Include="WavefrontLoader.cpp">
      <Filter>Core\Utils</Filter>
    </ClCompile>
    <ClCompile Include="FrameBufferTarget.cpp">
      <Filter>Core\ExRenderer %28TBM%29\OpenGL\Buffers\FrameBufferTargets</Filter>
    </ClCompile>
    <ClCompile Include="NormalVisualisationS.cpp">
      <Filter>Core\OpenGL\Shaders\Debug</Filter>
    </ClCompile>
    <ClCompile Include="FloatVertexBufferObject.cpp">
      <Filter>Core\ExRenderer %28TBM%29\OpenGL\Buffers\VertexBufferObjects</Filter>
    </ClCompile>
    <ClCompile Include="Uint64VertexBufferObject.cpp">
      <Filter>Core\ExRenderer %28TBM%29\OpenGL\Buffers\VertexBufferObjects</Filter>
    </ClCompile>
  </ItemGroup>
  <ItemGroup>
    <ClInclude Include="Vertex.h">
      <Filter>Core\ExRenderer %28TBM%29\Structs</Filter>
    </ClInclude>
    <ClInclude Include="Buffer.h">
      <Filter>Core\ExRenderer %28TBM%29\OpenGL\Buffers</Filter>
    </ClInclude>
    <ClInclude Include="IndexBufferObject.h">
      <Filter>Core\ExRenderer %28TBM%29\OpenGL\Buffers</Filter>
    </ClInclude>
    <ClInclude Include="GLSLLoader.h">
      <Filter>Core\ExRenderer %28TBM%29\OpenGL\Utils</Filter>
    </ClInclude>
    <ClInclude Include="TextureLoader.h">
      <Filter>Core\ExRenderer %28TBM%29\OpenGL\Utils</Filter>
    </ClInclude>
    <ClInclude Include="TextureData.h">
      <Filter>Core\ExRenderer %28TBM%29\Structs</Filter>
    </ClInclude>
    <ClInclude Include="WorldInfo.h">
      <Filter>Core\Globals</Filter>
    </ClInclude>
    <ClInclude Include="Headers.h">
      <Filter>Core\Globals</Filter>
    </ClInclude>
    <ClInclude Include="Transform.h">
      <Filter>Core\Structs</Filter>
    </ClInclude>
    <ClInclude Include="ImageLoader.h">
      <Filter>Core\Utils</Filter>
    </ClInclude>
    <ClInclude Include="OffsetData.h">
      <Filter>Core\ExRenderer %28TBM%29\Structs</Filter>
    </ClInclude>
    <ClInclude Include="GLDeferredRenderer.h">
      <Filter>Core\OpenGL\Renderers\Modes</Filter>
    </ClInclude>
    <ClInclude Include="GLForwardRenderer.h">
      <Filter>Core\OpenGL\Renderers\Modes</Filter>
    </ClInclude>
    <ClInclude Include="RenderMode.h">
      <Filter>Core\Interfaces\Rendering</Filter>
    </ClInclude>
    <ClInclude Include="RenderPipeline.h">
      <Filter>Core\Interfaces\Rendering</Filter>
    </ClInclude>
    <ClInclude Include="GLRenderMode.h">
      <Filter>Core\OpenGL\Renderers\Modes</Filter>
    </ClInclude>
    <ClInclude Include="Map.h">
      <Filter>Core\OpenGL\Objects\Actors</Filter>
    </ClInclude>
    <ClInclude Include="ShaderBuffer.h">
      <Filter>Core\ExRenderer %28TBM%29\OpenGL\Buffers</Filter>
    </ClInclude>
    <ClInclude Include="Shader.h">
      <Filter>Core\OpenGL\Shaders</Filter>
    </ClInclude>
    <ClInclude Include="RenderMaster.h">
      <Filter>Core\OpenGL\Masters</Filter>
    </ClInclude>
    <ClInclude Include="CustomActor.h">
      <Filter>Core\OpenGL\Objects\Actors</Filter>
    </ClInclude>
    <ClInclude Include="AudioMaster.h">
      <Filter>Core\Masters</Filter>
    </ClInclude>
    <ClInclude Include="GLRenderPipeline.h">
      <Filter>Core\OpenGL\Renderers</Filter>
    </ClInclude>
    <ClInclude Include="LogicManager.h">
      <Filter>Core\Managers</Filter>
    </ClInclude>
    <ClInclude Include="EventManager.h">
      <Filter>Core\Managers</Filter>
    </ClInclude>
    <ClInclude Include="VertexOptimiser.h">
      <Filter>Core\ExRenderer %28TBM%29\Utils</Filter>
    </ClInclude>
    <ClInclude Include="Camera.h">
      <Filter>Core\OpenGL\Objects\Actors\Cameras</Filter>
    </ClInclude>
    <ClInclude Include="VertexBufferObject.h">
      <Filter>Core\ExRenderer %28TBM%29\OpenGL\Buffers\VertexBufferObjects</Filter>
    </ClInclude>
    <ClInclude Include="DiffuseSF.h">
      <Filter>Core\OpenGL\Shaders\Forward</Filter>
    </ClInclude>
    <ClInclude Include="World.h">
      <Filter>Core\Globals</Filter>
    </ClInclude>
    <ClInclude Include="Object.h">
      <Filter>Core\Interfaces\Object</Filter>
    </ClInclude>
    <ClInclude Include="Actor.h">
      <Filter>Core\Interfaces\Object\Actor</Filter>
    </ClInclude>
    <ClInclude Include="BinarySpacePartition.h">
      <Filter>Core\OpenGL\Objects\Actors\BinarySpacePartitions</Filter>
    </ClInclude>
    <ClInclude Include="Texture.h">
      <Filter>Core\OpenGL\Texture</Filter>
    </ClInclude>
    <ClInclude Include="Plane.h">
      <Filter>Core\OpenGL\Objects\Actors\BinarySpacePartitions</Filter>
    </ClInclude>
    <ClInclude Include="Material.h">
      <Filter>Core\OpenGL\Material</Filter>
    </ClInclude>
    <ClInclude Include="ContentManager.h">
      <Filter>Core\OpenGL\DataManagement</Filter>
    </ClInclude>
    <ClInclude Include="Client.h">
      <Filter>Core\Client</Filter>
    </ClInclude>
    <ClInclude Include="VertexArrayObject.h">
      <Filter>Core\ExRenderer %28TBM%29\OpenGL\Buffers</Filter>
    </ClInclude>
    <ClInclude Include="CameraPerspective3D.h">
      <Filter>Core\OpenGL\Objects\Actors\Cameras</Filter>
    </ClInclude>
    <ClInclude Include="UniformBufferObject.h">
      <Filter>Core\ExRenderer %28TBM%29\OpenGL\Buffers</Filter>
    </ClInclude>
    <ClInclude Include="UniformBlockElement.h">
      <Filter>Core\ExRenderer %28TBM%29\Structs</Filter>
    </ClInclude>
    <ClInclude Include="WavefrontLoader.h">
      <Filter>Core\Utils</Filter>
    </ClInclude>
    <ClInclude Include="MeshData.h">
      <Filter>Core\Structs</Filter>
    </ClInclude>
    <ClInclude Include="FrameBufferTarget.h">
      <Filter>Core\ExRenderer %28TBM%29\OpenGL\Buffers\FrameBufferTargets</Filter>
    </ClInclude>
    <ClInclude Include="NormalVisualisationS.h">
      <Filter>Core\OpenGL\Shaders\Debug</Filter>
    </ClInclude>
    <ClInclude Include="FloatVertexBufferObject.h">
      <Filter>Core\ExRenderer %28TBM%29\OpenGL\Buffers\VertexBufferObjects</Filter>
    </ClInclude>
    <ClInclude Include="Uint64VertexBufferObject.h">
      <Filter>Core\ExRenderer %28TBM%29\OpenGL\Buffers\VertexBufferObjects</Filter>
    </ClInclude>
  </ItemGroup>
</Project>